
Microsoft Visual Studio Solution File, Format Version 12.00
# Visual Studio 15
VisualStudioVersion = 15.0.27130.2003
MinimumVisualStudioVersion = 10.0.40219.1
Project("{FAE04EC0-301F-11D3-BF4B-00C04F79EFBC}") = "OctSolutions.bot", "OctSolutions.bot\OctSolutions.bot.csproj", "{882D1C56-F866-4F64-A2CC-F8E962926A49}"
EndProject
Global
	GlobalSection(SolutionConfigurationPlatforms) = preSolution
		Debug|Any CPU = Debug|Any CPU
		Release|Any CPU = Release|Any CPU
	EndGlobalSection
	GlobalSection(ProjectConfigurationPlatforms) = postSolution
		{882D1C56-F866-4F64-A2CC-F8E962926A49}.Debug|Any CPU.ActiveCfg = Debug|Any CPU
		{882D1C56-F866-4F64-A2CC-F8E962926A49}.Debug|Any CPU.Build.0 = Debug|Any CPU
		{882D1C56-F866-4F64-A2CC-F8E962926A49}.Release|Any CPU.ActiveCfg = Release|Any CPU
		{882D1C56-F866-4F64-A2CC-F8E962926A49}.Release|Any CPU.Build.0 = Release|Any CPU
	EndGlobalSection
	GlobalSection(SolutionProperties) = preSolution
		HideSolutionNode = FALSE
	EndGlobalSection
	GlobalSection(ExtensibilityGlobals) = postSolution
		SolutionGuid = {2C631925-4008-47EB-8176-F623391F733A}
	EndGlobalSection
EndGlobal
